
Microsoft Visual Studio Solution File, Format Version 12.00
# Visual Studio 15
VisualStudioVersion = 15.0.27703.2042
MinimumVisualStudioVersion = 10.0.40219.1
Project("{FAE04EC0-301F-11D3-BF4B-00C04F79EFBC}") = "CitadelCore.Windows.Example", "CitadelCore.Windows.Example.csproj", "{6310E947-2EEE-4822-BDBF-59C8CE7F02B7}"
EndProject
Global
	GlobalSection(SolutionConfigurationPlatforms) = preSolution
		Debug|Any CPU = Debug|Any CPU
		Release|Any CPU = Release|Any CPU
	EndGlobalSection
	GlobalSection(ProjectConfigurationPlatforms) = postSolution
		{6310E947-2EEE-4822-BDBF-59C8CE7F02B7}.Debug|Any CPU.ActiveCfg = Debug|Any CPU
		{6310E947-2EEE-4822-BDBF-59C8CE7F02B7}.Debug|Any CPU.Build.0 = Debug|Any CPU
		{6310E947-2EEE-4822-BDBF-59C8CE7F02B7}.Release|Any CPU.ActiveCfg = Release|Any CPU
		{6310E947-2EEE-4822-BDBF-59C8CE7F02B7}.Release|Any CPU.Build.0 = Release|Any CPU
	EndGlobalSection
	GlobalSection(SolutionProperties) = preSolution
		HideSolutionNode = FALSE
	EndGlobalSection
	GlobalSection(ExtensibilityGlobals) = postSolution
		SolutionGuid = {042EBB3A-D89B-47AD-B14F-7E0F9541520F}
	EndGlobalSection
EndGlobal
